// !$*UTF8*$!
{
	archiveVersion = 1;
	classes = {
	};
	objectVersion = 46;
	objects = {

/* Begin PBXBuildFile section */
		AEA26CB31E558BA300E0A1A2 /* img.png in Resources */ = {isa = PBXBuildFile; fileRef = AEA26CB21E558BA300E0A1A2 /* img.png */; };
		AEBA004E1E5429E20067E6E5 /* main.m in Sources */ = {isa = PBXBuildFile; fileRef = AEBA004D1E5429E20067E6E5 /* main.m */; };
		AEBA00511E5429E20067E6E5 /* AppDelegate.m in Sources */ = {isa = PBXBuildFile; fileRef = AEBA00501E5429E20067E6E5 /* AppDelegate.m */; };
		AEBA00541E5429E20067E6E5 /* ViewController.m in Sources */ = {isa = PBXBuildFile; fileRef = AEBA00531E5429E20067E6E5 /* ViewController.m */; };
		AEBA00571E5429E30067E6E5 /* Main.storyboard in Resources */ = {isa = PBXBuildFile; fileRef = AEBA00551E5429E30067E6E5 /* Main.storyboard */; };
		AEBA00591E5429E30067E6E5 /* Assets.xcassets in Resources */ = {isa = PBXBuildFile; fileRef = AEBA00581E5429E30067E6E5 /* Assets.xcassets */; };
		AEBA005C1E5429E30067E6E5 /* LaunchScreen.storyboard in Resources */ = {isa = PBXBuildFile; fileRef = AEBA005A1E5429E30067E6E5 /* LaunchScreen.storyboard */; };
		AEBA00641E5431C50067E6E5 /* img.jpg in Resources */ = {isa = PBXBuildFile; fileRef = AEBA00631E5431C50067E6E5 /* img.jpg */; };
		AEBA00671E5444810067E6E5 /* CHTSearchBar.m in Sources */ = {isa = PBXBuildFile; fileRef = AEBA00661E5444810067E6E5 /* CHTSearchBar.m */; };
		AEBA006A1E5445440067E6E5 /* UIColor+CHTExtend.m in Sources */ = {isa = PBXBuildFile; fileRef = AEBA00691E5445440067E6E5 /* UIColor+CHTExtend.m */; };
		AEBA006C1E5445BB0067E6E5 /* search_clear.png in Resources */ = {isa = PBXBuildFile; fileRef = AEBA006B1E5445BB0067E6E5 /* search_clear.png */; };
		AEBA006E1E544D270067E6E5 /* glassSelectImage.png in Resources */ = {isa = PBXBuildFile; fileRef = AEBA006D1E544D270067E6E5 /* glassSelectImage.png */; };
/* End PBXBuildFile section */

/* Begin PBXFileReference section */
		AEA26CB21E558BA300E0A1A2 /* img.png */ = {isa = PBXFileReference; lastKnownFileType = image.png; path = img.png; sourceTree = "<group>"; };
		AEBA00491E5429E20067E6E5 /* CHTScrollHangUpDemo.app */ = {isa = PBXFileReference; explicitFileType = wrapper.application; includeInIndex = 0; path = CHTScrollHangUpDemo.app; sourceTree = BUILT_PRODUCTS_DIR; };
		AEBA004D1E5429E20067E6E5 /* main.m */ = {isa = PBXFileReference; lastKnownFileType = sourcecode.c.objc; path = main.m; sourceTree = "<group>"; };
		AEBA004F1E5429E20067E6E5 /* AppDelegate.h */ = {isa = PBXFileReference; lastKnownFileType = sourcecode.c.h; path = AppDelegate.h; sourceTree = "<group>"; };
		AEBA00501E5429E20067E6E5 /* AppDelegate.m */ = {isa = PBXFileReference; lastKnownFileType = sourcecode.c.objc; path = AppDelegate.m; sourceTree = "<group>"; };
		AEBA00521E5429E20067E6E5 /* ViewController.h */ = {isa = PBXFileReference; lastKnownFileType = sourcecode.c.h; path = ViewController.h; sourceTree = "<group>"; };
		AEBA00531E5429E20067E6E5 /* ViewController.m */ = {isa = PBXFileReference; lastKnownFileType = sourcecode.c.objc; path = ViewController.m; sourceTree = "<group>"; };
		AEBA00561E5429E30067E6E5 /* Base */ = {isa = PBXFileReference; lastKnownFileType = file.storyboard; name = Base; path = Base.lproj/Main.storyboard; sourceTree = "<group>"; };
		AEBA00581E5429E30067E6E5 /* Assets.xcassets */ = {isa = PBXFileReference; lastKnownFileType = folder.assetcatalog; path = Assets.xcassets; sourceTree = "<group>"; };
		AEBA005B1E5429E30067E6E5 /* Base */ = {isa = PBXFileReference; lastKnownFileType = file.storyboard; name = Base; path = Base.lproj/LaunchScreen.storyboard; sourceTree = "<group>"; };
		AEBA005D1E5429E30067E6E5 /* Info.plist */ = {isa = PBXFileReference; lastKnownFileType = text.plist.xml; path = Info.plist; sourceTree = "<group>"; };
		AEBA00631E5431C50067E6E5 /* img.jpg */ = {isa = PBXFileReference; lastKnownFileType = image.jpeg; path = img.jpg; sourceTree = "<group>"; };
		AEBA00651E5444810067E6E5 /* CHTSearchBar.h */ = {isa = PBXFileReference; fileEncoding = 4; lastKnownFileType = sourcecode.c.h; path = CHTSearchBar.h; sourceTree = "<group>"; };
		AEBA00661E5444810067E6E5 /* CHTSearchBar.m */ = {isa = PBXFileReference; fileEncoding = 4; lastKnownFileType = sourcecode.c.objc; path = CHTSearchBar.m; sourceTree = "<group>"; };
		AEBA00681E5445440067E6E5 /* UIColor+CHTExtend.h */ = {isa = PBXFileReference; fileEncoding = 4; lastKnownFileType = sourcecode.c.h; path = "UIColor+CHTExtend.h"; sourceTree = "<group>"; };
		AEBA00691E5445440067E6E5 /* UIColor+CHTExtend.m */ = {isa = PBXFileReference; fileEncoding = 4; lastKnownFileType = sourcecode.c.objc; path = "UIColor+CHTExtend.m"; sourceTree = "<group>"; };
		AEBA006B1E5445BB0067E6E5 /* search_clear.png */ = {isa = PBXFileReference; lastKnownFileType = image.png; path = search_clear.png; sourceTree = "<group>"; };
		AEBA006D1E544D270067E6E5 /* glassSelectImage.png */ = {isa = PBXFileReference; lastKnownFileType = image.png; path = glassSelectImage.png; sourceTree = "<group>"; };
/* End PBXFileReference section */

/* Begin PBXFrameworksBuildPhase section */
		AEBA00461E5429E20067E6E5 /* Frameworks */ = {
			isa = PBXFrameworksBuildPhase;
			buildActionMask = 2147483647;
			files = (
			);
			runOnlyForDeploymentPostprocessing = 0;
		};
/* End PBXFrameworksBuildPhase section */

/* Begin PBXGroup section */
		AEBA00401E5429E20067E6E5 = {
			isa = PBXGroup;
			children = (
				AEBA004B1E5429E20067E6E5 /* CHTScrollHangUpDemo */,
				AEBA004A1E5429E20067E6E5 /* Products */,
			);
			sourceTree = "<group>";
		};
		AEBA004A1E5429E20067E6E5 /* Products */ = {
			isa = PBXGroup;
			children = (
				AEBA00491E5429E20067E6E5 /* CHTScrollHangUpDemo.app */,
			);
			name = Products;
			sourceTree = "<group>";
		};
		AEBA004B1E5429E20067E6E5 /* CHTScrollHangUpDemo */ = {
			isa = PBXGroup;
			children = (
				AEA26CB21E558BA300E0A1A2 /* img.png */,
				AEBA00631E5431C50067E6E5 /* img.jpg */,
				AEBA006B1E5445BB0067E6E5 /* search_clear.png */,
				AEBA006D1E544D270067E6E5 /* glassSelectImage.png */,
				AEBA004F1E5429E20067E6E5 /* AppDelegate.h */,
				AEBA00501E5429E20067E6E5 /* AppDelegate.m */,
				AEBA00521E5429E20067E6E5 /* ViewController.h */,
				AEBA00531E5429E20067E6E5 /* ViewController.m */,
				AEBA00651E5444810067E6E5 /* CHTSearchBar.h */,
				AEBA00661E5444810067E6E5 /* CHTSearchBar.m */,
				AEBA00681E5445440067E6E5 /* UIColor+CHTExtend.h */,
				AEBA00691E5445440067E6E5 /* UIColor+CHTExtend.m */,
				AEBA00551E5429E30067E6E5 /* Main.storyboard */,
				AEBA00581E5429E30067E6E5 /* Assets.xcassets */,
				AEBA005A1E5429E30067E6E5 /* LaunchScreen.storyboard */,
				AEBA005D1E5429E30067E6E5 /* Info.plist */,
				AEBA004C1E5429E20067E6E5 /* Supporting Files */,
			);
			path = CHTScrollHangUpDemo;
			sourceTree = "<group>";
		};
		AEBA004C1E5429E20067E6E5 /* Supporting Files */ = {
			isa = PBXGroup;
			children = (
				AEBA004D1E5429E20067E6E5 /* main.m */,
			);
			name = "Supporting Files";
			sourceTree = "<group>";
		};
/* End PBXGroup section */

/* Begin PBXNativeTarget section */
		AEBA00481E5429E20067E6E5 /* CHTScrollHangUpDemo */ = {
			isa = PBXNativeTarget;
			buildConfigurationList = AEBA00601E5429E30067E6E5 /* Build configuration list for PBXNativeTarget "CHTScrollHangUpDemo" */;
			buildPhases = (
				AEBA00451E5429E20067E6E5 /* Sources */,
				AEBA00461E5429E20067E6E5 /* Frameworks */,
				AEBA00471E5429E20067E6E5 /* Resources */,
			);
			buildRules = (
			);
			dependencies = (
			);
			name = CHTScrollHangUpDemo;
			productName = CHTScrollHangUpDemo;
			productReference = AEBA00491E5429E20067E6E5 /* CHTScrollHangUpDemo.app */;
			productType = "com.apple.product-type.application";
		};
/* End PBXNativeTarget section */

/* Begin PBXProject section */
		AEBA00411E5429E20067E6E5 /* Project object */ = {
			isa = PBXProject;
			attributes = {
				LastUpgradeCheck = 0830;
				ORGANIZATIONNAME = cht;
				TargetAttributes = {
					AEBA00481E5429E20067E6E5 = {
						CreatedOnToolsVersion = 8.3;
						DevelopmentTeam = FFC2UUU5W6;
						ProvisioningStyle = Automatic;
					};
				};
			};
			buildConfigurationList = AEBA00441E5429E20067E6E5 /* Build configuration list for PBXProject "CHTScrollHangUpDemo" */;
			compatibilityVersion = "Xcode 3.2";
			developmentRegion = English;
			hasScannedForEncodings = 0;
			knownRegions = (
				en,
				Base,
			);
			mainGroup = AEBA00401E5429E20067E6E5;
			productRefGroup = AEBA004A1E5429E20067E6E5 /* Products */;
			projectDirPath = "";
			projectRoot = "";
			targets = (
				AEBA00481E5429E20067E6E5 /* CHTScrollHangUpDemo */,
			);
		};
/* End PBXProject section */

/* Begin PBXResourcesBuildPhase section */
		AEBA00471E5429E20067E6E5 /* Resources */ = {
			isa = PBXResourcesBuildPhase;
			buildActionMask = 2147483647;
			files = (
				AEBA006E1E544D270067E6E5 /* glassSelectImage.png in Resources */,
				AEBA005C1E5429E30067E6E5 /* LaunchScreen.storyboard in Resources */,
				AEBA006C1E5445BB0067E6E5 /* search_clear.png in Resources */,
				AEBA00591E5429E30067E6E5 /* Assets.xcassets in Resources */,
				AEBA00571E5429E30067E6E5 /* Main.storyboard in Resources */,
				AEBA00641E5431C50067E6E5 /* img.jpg in Resources */,
				AEA26CB31E558BA300E0A1A2 /* img.png in Resources */,
			);
			runOnlyForDeploymentPostprocessing = 0;
		};
/* End PBXResourcesBuildPhase section */

/* Begin PBXSourcesBuildPhase section */
		AEBA00451E5429E20067E6E5 /* Sources */ = {
			isa = PBXSourcesBuildPhase;
			buildActionMask = 2147483647;
			files = (
				AEBA00541E5429E20067E6E5 /* ViewController.m in Sources */,
				AEBA00511E5429E20067E6E5 /* AppDelegate.m in Sources */,
				AEBA004E1E5429E20067E6E5 /* main.m in Sources */,
				AEBA00671E5444810067E6E5 /* CHTSearchBar.m in Sources */,
				AEBA006A1E5445440067E6E5 /* UIColor+CHTExtend.m in Sources */,
			);
			runOnlyForDeploymentPostprocessing = 0;
		};
/* End PBXSourcesBuildPhase section */

/* Begin PBXVariantGroup section */
		AEBA00551E5429E30067E6E5 /* Main.storyboard */ = {
			isa = PBXVariantGroup;
			children = (
				AEBA00561E5429E30067E6E5 /* Base */,
			);
			name = Main.storyboard;
			sourceTree = "<group>";
		};
		AEBA005A1E5429E30067E6E5 /* LaunchScreen.storyboard */ = {
			isa = PBXVariantGroup;
			children = (
				AEBA005B1E5429E30067E6E5 /* Base */,
			);
			name = LaunchScreen.storyboard;
			sourceTree = "<group>";
		};
/* End PBXVariantGroup section */

/* Begin XCBuildConfiguration section */
		AEBA005E1E5429E30067E6E5 /* Debug */ = {
			isa = XCBuildConfiguration;
			buildSettings = {
				ALWAYS_SEARCH_USER_PATHS = NO;
				CLANG_ANALYZER_NONNULL = YES;
				CLANG_ANALYZER_NUMBER_OBJECT_CONVERSION = YES_AGGRESSIVE;
				CLANG_CXX_LANGUAGE_STANDARD = "gnu++0x";
				CLANG_CXX_LIBRARY = "libc++";
				CLANG_ENABLE_MODULES = YES;
				CLANG_ENABLE_OBJC_ARC = YES;
				CLANG_WARN_BOOL_CONVERSION = YES;
				CLANG_WARN_CONSTANT_CONVERSION = YES;
				CLANG_WARN_DIRECT_OBJC_ISA_USAGE = YES_ERROR;
				CLANG_WARN_DOCUMENTATION_COMMENTS = YES;
				CLANG_WARN_EMPTY_BODY = YES;
				CLANG_WARN_ENUM_CONVERSION = YES;
				CLANG_WARN_INFINITE_RECURSION = YES;
				CLANG_WARN_INT_CONVERSION = YES;
				CLANG_WARN_OBJC_ROOT_CLASS = YES_ERROR;
				CLANG_WARN_SUSPICIOUS_MOVE = YES;
				CLANG_WARN_UNREACHABLE_CODE = YES;
				CLANG_WARN__DUPLICATE_METHOD_MATCH = YES;
				"CODE_SIGN_IDENTITY[sdk=iphoneos*]" = "iPhone Developer";
				COPY_PHASE_STRIP = NO;
				DEBUG_INFORMATION_FORMAT = dwarf;
				ENABLE_STRICT_OBJC_MSGSEND = YES;
				ENABLE_TESTABILITY = YES;
				GCC_C_LANGUAGE_STANDARD = gnu99;
				GCC_DYNAMIC_NO_PIC = NO;
				GCC_NO_COMMON_BLOCKS = YES;
				GCC_OPTIMIZATION_LEVEL = 0;
				GCC_PREPROCESSOR_DEFINITIONS = (
					"DEBUG=1",
					"$(inherited)",
				);
				GCC_WARN_64_TO_32_BIT_CONVERSION = YES;
				GCC_WARN_ABOUT_RETURN_TYPE = YES_ERROR;
				GCC_WARN_UNDECLARED_SELECTOR = YES;
				GCC_WARN_UNINITIALIZED_AUTOS = YES_AGGRESSIVE;
				GCC_WARN_UNUSED_FUNCTION = YES;
				GCC_WARN_UNUSED_VARIABLE = YES;
				IPHONEOS_DEPLOYMENT_TARGET = 10.3;
				MTL_ENABLE_DEBUG_INFO = YES;
				ONLY_ACTIVE_ARCH = YES;
				SDKROOT = iphoneos;
			};
			name = Debug;
		};
		AEBA005F1E5429E30067E6E5 /* Release */ = {
			isa = XCBuildConfiguration;
			buildSettings = {
				ALWAYS_SEARCH_USER_PATHS = NO;
				CLANG_ANALYZER_NONNULL = YES;
				CLANG_ANALYZER_NUMBER_OBJECT_CONVERSION = YES_AGGRESSIVE;
				CLANG_CXX_LANGUAGE_STANDARD = "gnu++0x";
				CLANG_CXX_LIBRARY = "libc++";
				CLANG_ENABLE_MODULES = YES;
				CLANG_ENABLE_OBJC_ARC = YES;
				CLANG_WARN_BOOL_CONVERSION = YES;
				CLANG_WARN_CONSTANT_CONVERSION = YES;
				CLANG_WARN_DIRECT_OBJC_ISA_USAGE = YES_ERROR;
				CLANG_WARN_DOCUMENTATION_COMMENTS = YES;
				CLANG_WARN_EMPTY_BODY = YES;
				CLANG_WARN_ENUM_CONVERSION = YES;
				CLANG_WARN_INFINITE_RECURSION = YES;
				CLANG_WARN_INT_CONVERSION = YES;
				CLANG_WARN_OBJC_ROOT_CLASS = YES_ERROR;
				CLANG_WARN_SUSPICIOUS_MOVE = YES;
				CLANG_WARN_UNREACHABLE_CODE = YES;
				CLANG_WARN__DUPLICATE_METHOD_MATCH = YES;
				"CODE_SIGN_IDENTITY[sdk=iphoneos*]" = "iPhone Developer";
				COPY_PHASE_STRIP = NO;
				DEBUG_INFORMATION_FORMAT = "dwarf-with-dsym";
				ENABLE_NS_ASSERTIONS = NO;
				ENABLE_STRICT_OBJC_MSGSEND = YES;
				GCC_C_LANGUAGE_STANDARD = gnu99;
				GCC_NO_COMMON_BLOCKS = YES;
				GCC_WARN_64_TO_32_BIT_CONVERSION = YES;
				GCC_WARN_ABOUT_RETURN_TYPE = YES_ERROR;
				GCC_WARN_UNDECLARED_SELECTOR = YES;
				GCC_WARN_UNINITIALIZED_AUTOS = YES_AGGRESSIVE;
				GCC_WARN_UNUSED_FUNCTION = YES;
				GCC_WARN_UNUSED_VARIABLE = YES;
				IPHONEOS_DEPLOYMENT_TARGET = 10.3;
				MTL_ENABLE_DEBUG_INFO = NO;
				SDKROOT = iphoneos;
				VALIDATE_PRODUCT = YES;
			};
			name = Release;
		};
		AEBA00611E5429E30067E6E5 /* Debug */ = {
			isa = XCBuildConfiguration;
			buildSettings = {
				ASSETCATALOG_COMPILER_APPICON_NAME = AppIcon;
				DEVELOPMENT_TEAM = FFC2UUU5W6;
				INFOPLIST_FILE = CHTScrollHangUpDemo/Info.plist;
				IPHONEOS_DEPLOYMENT_TARGET = 8.0;
				LD_RUNPATH_SEARCH_PATHS = "$(inherited) @executable_path/Frameworks";
				PRODUCT_BUNDLE_IDENTIFIER = CHT.CHTScrollHangUpDemo;
				PRODUCT_NAME = "$(TARGET_NAME)";
			};
			name = Debug;
		};
		AEBA00621E5429E30067E6E5 /* Release */ = {
			isa = XCBuildConfiguration;
			buildSettings = {
				ASSETCATALOG_COMPILER_APPICON_NAME = AppIcon;
				DEVELOPMENT_TEAM = FFC2UUU5W6;
				INFOPLIST_FILE = CHTScrollHangUpDemo/Info.plist;
				IPHONEOS_DEPLOYMENT_TARGET = 8.0;
				LD_RUNPATH_SEARCH_PATHS = "$(inherited) @executable_path/Frameworks";
				PRODUCT_BUNDLE_IDENTIFIER = CHT.CHTScrollHangUpDemo;
				PRODUCT_NAME = "$(TARGET_NAME)";
			};
			name = Release;
		};
/* End XCBuildConfiguration section */

/* Begin XCConfigurationList section */
		AEBA00441E5429E20067E6E5 /* Build configuration list for PBXProject "CHTScrollHangUpDemo" */ = {
			isa = XCConfigurationList;
			buildConfigurations = (
				AEBA005E1E5429E30067E6E5 /* Debug */,
				AEBA005F1E5429E30067E6E5 /* Release */,
			);
			defaultConfigurationIsVisible = 0;
			defaultConfigurationName = Release;
		};
		AEBA00601E5429E30067E6E5 /* Build configuration list for PBXNativeTarget "CHTScrollHangUpDemo" */ = {
			isa = XCConfigurationList;
			buildConfigurations = (
				AEBA00611E5429E30067E6E5 /* Debug */,
				AEBA00621E5429E30067E6E5 /* Release */,
			);
			defaultConfigurationIsVisible = 0;
			defaultConfigurationName = Release;
		};
/* End XCConfigurationList section */
	};
	rootObject = AEBA00411E5429E20067E6E5 /* Project object */;
}
